
Microsoft Visual Studio Solution File, Format Version 12.00
# Visual Studio Version 16
VisualStudioVersion = 16.0.31702.278
MinimumVisualStudioVersion = 10.0.40219.1
Project("{FAE04EC0-301F-11D3-BF4B-00C04F79EFBC}") = "ATM-Console", "ATM-Console\ATM-Console.csproj", "{58617D93-25F4-4F5D-8C06-5BCDE4852A6F}"
EndProject
Global
	GlobalSection(SolutionConfigurationPlatforms) = preSolution
		Debug|Any CPU = Debug|Any CPU
		Release|Any CPU = Release|Any CPU
	EndGlobalSection
	GlobalSection(ProjectConfigurationPlatforms) = postSolution
		{58617D93-25F4-4F5D-8C06-5BCDE4852A6F}.Debug|Any CPU.ActiveCfg = Debug|Any CPU
		{58617D93-25F4-4F5D-8C06-5BCDE4852A6F}.Debug|Any CPU.Build.0 = Debug|Any CPU
		{58617D93-25F4-4F5D-8C06-5BCDE4852A6F}.Release|Any CPU.ActiveCfg = Release|Any CPU
		{58617D93-25F4-4F5D-8C06-5BCDE4852A6F}.Release|Any CPU.Build.0 = Release|Any CPU
	EndGlobalSection
	GlobalSection(SolutionProperties) = preSolution
		HideSolutionNode = FALSE
	EndGlobalSection
	GlobalSection(ExtensibilityGlobals) = postSolution
		SolutionGuid = {3C11156A-EA50-4BFB-A761-AB6CD0D1E49E}
	EndGlobalSection
EndGlobal
